// !$*UTF8*$!
{
	archiveVersion = 1;
	classes = {
	};
	objectVersion = 77;
	objects = {

/* Begin PBXBuildFile section */
		095A92962CEFCF8F000BFD1A /* GoogleService-Info.plist in Resources */ = {isa = PBXBuildFile; fileRef = 095A92952CEFCF8F000BFD1A /* GoogleService-Info.plist */; };
		095A929A2CEFDCA0000BFD1A /* FirebaseAnalytics in Frameworks */ = {isa = PBXBuildFile; productRef = 095A92992CEFDCA0000BFD1A /* FirebaseAnalytics */; };
		095A929C2CEFDCA0000BFD1A /* FirebaseAuth in Frameworks */ = {isa = PBXBuildFile; productRef = 095A929B2CEFDCA0000BFD1A /* FirebaseAuth */; };
		095A929E2CEFDCA0000BFD1A /* FirebaseCore in Frameworks */ = {isa = PBXBuildFile; productRef = 095A929D2CEFDCA0000BFD1A /* FirebaseCore */; };
		095A92A02CEFE21F000BFD1A /* .gitignore in Resources */ = {isa = PBXBuildFile; fileRef = 095A929F2CEFE1E6000BFD1A /* .gitignore */; };
/* End PBXBuildFile section */

/* Begin PBXContainerItemProxy section */
		099BA3DB2CC9D22800DF864E /* PBXContainerItemProxy */ = {
			isa = PBXContainerItemProxy;
			containerPortal = 099BA3C22CC9D22600DF864E /* Project object */;
			proxyType = 1;
			remoteGlobalIDString = 099BA3C92CC9D22600DF864E;
			remoteInfo = FitPal;
		};
		099BA3E52CC9D22800DF864E /* PBXContainerItemProxy */ = {
			isa = PBXContainerItemProxy;
			containerPortal = 099BA3C22CC9D22600DF864E /* Project object */;
			proxyType = 1;
			remoteGlobalIDString = 099BA3C92CC9D22600DF864E;
			remoteInfo = FitPal;
		};
/* End PBXContainerItemProxy section */

/* Begin PBXFileReference section */
		095A92952CEFCF8F000BFD1A /* GoogleService-Info.plist */ = {isa = PBXFileReference; lastKnownFileType = text.plist.xml; path = "GoogleService-Info.plist"; sourceTree = "<group>"; };
		095A929F2CEFE1E6000BFD1A /* .gitignore */ = {isa = PBXFileReference; lastKnownFileType = text; path = .gitignore; sourceTree = "<group>"; };
		099BA3CA2CC9D22600DF864E /* FitPal.app */ = {isa = PBXFileReference; explicitFileType = wrapper.application; includeInIndex = 0; path = FitPal.app; sourceTree = BUILT_PRODUCTS_DIR; };
		099BA3DA2CC9D22800DF864E /* FitPalTests.xctest */ = {isa = PBXFileReference; explicitFileType = wrapper.cfbundle; includeInIndex = 0; path = FitPalTests.xctest; sourceTree = BUILT_PRODUCTS_DIR; };
		099BA3E42CC9D22800DF864E /* FitPalUITests.xctest */ = {isa = PBXFileReference; explicitFileType = wrapper.cfbundle; includeInIndex = 0; path = FitPalUITests.xctest; sourceTree = BUILT_PRODUCTS_DIR; };
/* End PBXFileReference section */

/* Begin PBXFileSystemSynchronizedRootGroup section */
		099BA3CC2CC9D22600DF864E /* FitPal */ = {
			isa = PBXFileSystemSynchronizedRootGroup;
			path = FitPal;
			sourceTree = "<group>";
		};
		099BA3DD2CC9D22800DF864E /* FitPalTests */ = {
			isa = PBXFileSystemSynchronizedRootGroup;
			path = FitPalTests;
			sourceTree = "<group>";
		};
		099BA3E72CC9D22800DF864E /* FitPalUITests */ = {
			isa = PBXFileSystemSynchronizedRootGroup;
			path = FitPalUITests;
			sourceTree = "<group>";
		};
/* End PBXFileSystemSynchronizedRootGroup section */

/* Begin PBXFrameworksBuildPhase section */
		099BA3C72CC9D22600DF864E /* Frameworks */ = {
			isa = PBXFrameworksBuildPhase;
			buildActionMask = 2147483647;
			files = (
				095A929A2CEFDCA0000BFD1A /* FirebaseAnalytics in Frameworks */,
				095A929E2CEFDCA0000BFD1A /* FirebaseCore in Frameworks */,
				095A929C2CEFDCA0000BFD1A /* FirebaseAuth in Frameworks */,
			);
			runOnlyForDeploymentPostprocessing = 0;
		};
		099BA3D72CC9D22800DF864E /* Frameworks */ = {
			isa = PBXFrameworksBuildPhase;
			buildActionMask = 2147483647;
			files = (
			);
			runOnlyForDeploymentPostprocessing = 0;
		};
		099BA3E12CC9D22800DF864E /* Frameworks */ = {
			isa = PBXFrameworksBuildPhase;
			buildActionMask = 2147483647;
			files = (
			);
			runOnlyForDeploymentPostprocessing = 0;
		};
/* End PBXFrameworksBuildPhase section */

/* Begin PBXGroup section */
		095A92982CEFDCA0000BFD1A /* Frameworks */ = {
			isa = PBXGroup;
			children = (
			);
			name = Frameworks;
			sourceTree = "<group>";
		};
		099BA3C12CC9D22600DF864E = {
			isa = PBXGroup;
			children = (
				095A929F2CEFE1E6000BFD1A /* .gitignore */,
				099BA3CC2CC9D22600DF864E /* FitPal */,
				099BA3DD2CC9D22800DF864E /* FitPalTests */,
				099BA3E72CC9D22800DF864E /* FitPalUITests */,
				099BA3CB2CC9D22600DF864E /* Products */,
				095A92952CEFCF8F000BFD1A /* GoogleService-Info.plist */,
				095A92982CEFDCA0000BFD1A /* Frameworks */,
			);
			sourceTree = "<group>";
		};
		099BA3CB2CC9D22600DF864E /* Products */ = {
			isa = PBXGroup;
			children = (
				099BA3CA2CC9D22600DF864E /* FitPal.app */,
				099BA3DA2CC9D22800DF864E /* FitPalTests.xctest */,
				099BA3E42CC9D22800DF864E /* FitPalUITests.xctest */,
			);
			name = Products;
			sourceTree = "<group>";
		};
/* End PBXGroup section */

/* Begin PBXNativeTarget section */
		099BA3C92CC9D22600DF864E /* FitPal */ = {
			isa = PBXNativeTarget;
			buildConfigurationList = 099BA3EE2CC9D22800DF864E /* Build configuration list for PBXNativeTarget "FitPal" */;
			buildPhases = (
				099BA3C62CC9D22600DF864E /* Sources */,
				099BA3C72CC9D22600DF864E /* Frameworks */,
				099BA3C82CC9D22600DF864E /* Resources */,
			);
			buildRules = (
			);
			dependencies = (
			);
			fileSystemSynchronizedGroups = (
				099BA3CC2CC9D22600DF864E /* FitPal */,
			);
			name = FitPal;
			packageProductDependencies = (
				095A92992CEFDCA0000BFD1A /* FirebaseAnalytics */,
				095A929B2CEFDCA0000BFD1A /* FirebaseAuth */,
				095A929D2CEFDCA0000BFD1A /* FirebaseCore */,
			);
			productName = FitPal;
			productReference = 099BA3CA2CC9D22600DF864E /* FitPal.app */;
			productType = "com.apple.product-type.application";
		};
		099BA3D92CC9D22800DF864E /* FitPalTests */ = {
			isa = PBXNativeTarget;
			buildConfigurationList = 099BA3F12CC9D22800DF864E /* Build configuration list for PBXNativeTarget "FitPalTests" */;
			buildPhases = (
				099BA3D62CC9D22800DF864E /* Sources */,
				099BA3D72CC9D22800DF864E /* Frameworks */,
				099BA3D82CC9D22800DF864E /* Resources */,
			);
			buildRules = (
			);
			dependencies = (
				099BA3DC2CC9D22800DF864E /* PBXTargetDependency */,
			);
			fileSystemSynchronizedGroups = (
				099BA3DD2CC9D22800DF864E /* FitPalTests */,
			);
			name = FitPalTests;
			packageProductDependencies = (
			);
			productName = FitPalTests;
			productReference = 099BA3DA2CC9D22800DF864E /* FitPalTests.xctest */;
			productType = "com.apple.product-type.bundle.unit-test";
		};
		099BA3E32CC9D22800DF864E /* FitPalUITests */ = {
			isa = PBXNativeTarget;
			buildConfigurationList = 099BA3F42CC9D22800DF864E /* Build configuration list for PBXNativeTarget "FitPalUITests" */;
			buildPhases = (
				099BA3E02CC9D22800DF864E /* Sources */,
				099BA3E12CC9D22800DF864E /* Frameworks */,
				099BA3E22CC9D22800DF864E /* Resources */,
			);
			buildRules = (
			);
			dependencies = (
				099BA3E62CC9D22800DF864E /* PBXTargetDependency */,
			);
			fileSystemSynchronizedGroups = (
				099BA3E72CC9D22800DF864E /* FitPalUITests */,
			);
			name = FitPalUITests;
			packageProductDependencies = (
			);
			productName = FitPalUITests;
			productReference = 099BA3E42CC9D22800DF864E /* FitPalUITests.xctest */;
			productType = "com.apple.product-type.bundle.ui-testing";
		};
/* End PBXNativeTarget section */

/* Begin PBXProject section */
		099BA3C22CC9D22600DF864E /* Project object */ = {
			isa = PBXProject;
			attributes = {
				BuildIndependentTargetsInParallel = 1;
				LastSwiftUpdateCheck = 1600;
				LastUpgradeCheck = 1600;
				TargetAttributes = {
					099BA3C92CC9D22600DF864E = {
						CreatedOnToolsVersion = 16.0;
					};
					099BA3D92CC9D22800DF864E = {
						CreatedOnToolsVersion = 16.0;
						TestTargetID = 099BA3C92CC9D22600DF864E;
					};
					099BA3E32CC9D22800DF864E = {
						CreatedOnToolsVersion = 16.0;
						TestTargetID = 099BA3C92CC9D22600DF864E;
					};
				};
			};
			buildConfigurationList = 099BA3C52CC9D22600DF864E /* Build configuration list for PBXProject "FitPal" */;
			developmentRegion = en;
			hasScannedForEncodings = 0;
			knownRegions = (
				en,
				Base,
			);
			mainGroup = 099BA3C12CC9D22600DF864E;
			minimizedProjectReferenceProxies = 1;
			packageReferences = (
				095A92972CEFD072000BFD1A /* XCRemoteSwiftPackageReference "firebase-ios-sdk" */,
			);
			preferredProjectObjectVersion = 77;
			productRefGroup = 099BA3CB2CC9D22600DF864E /* Products */;
			projectDirPath = "";
			projectRoot = "";
			targets = (
				099BA3C92CC9D22600DF864E /* FitPal */,
				099BA3D92CC9D22800DF864E /* FitPalTests */,
				099BA3E32CC9D22800DF864E /* FitPalUITests */,
			);
		};
/* End PBXProject section */

/* Begin PBXResourcesBuildPhase section */
		099BA3C82CC9D22600DF864E /* Resources */ = {
			isa = PBXResourcesBuildPhase;
			buildActionMask = 2147483647;
			files = (
				095A92A02CEFE21F000BFD1A /* .gitignore in Resources */,
				095A92962CEFCF8F000BFD1A /* GoogleService-Info.plist in Resources */,
			);
			runOnlyForDeploymentPostprocessing = 0;
		};
		099BA3D82CC9D22800DF864E /* Resources */ = {
			isa = PBXResourcesBuildPhase;
			buildActionMask = 2147483647;
			files = (
			);
			runOnlyForDeploymentPostprocessing = 0;
		};
		099BA3E22CC9D22800DF864E /* Resources */ = {
			isa = PBXResourcesBuildPhase;
			buildActionMask = 2147483647;
			files = (
			);
			runOnlyForDeploymentPostprocessing = 0;
		};
/* End PBXResourcesBuildPhase section */

/* Begin PBXSourcesBuildPhase section */
		099BA3C62CC9D22600DF864E /* Sources */ = {
			isa = PBXSourcesBuildPhase;
			buildActionMask = 2147483647;
			files = (
			);
			runOnlyForDeploymentPostprocessing = 0;
		};
		099BA3D62CC9D22800DF864E /* Sources */ = {
			isa = PBXSourcesBuildPhase;
			buildActionMask = 2147483647;
			files = (
			);
			runOnlyForDeploymentPostprocessing = 0;
		};
		099BA3E02CC9D22800DF864E /* Sources */ = {
			isa = PBXSourcesBuildPhase;
			buildActionMask = 2147483647;
			files = (
			);
			runOnlyForDeploymentPostprocessing = 0;
		};
/* End PBXSourcesBuildPhase section */

/* Begin PBXTargetDependency section */
		099BA3DC2CC9D22800DF864E /* PBXTargetDependency */ = {
			isa = PBXTargetDependency;
			target = 099BA3C92CC9D22600DF864E /* FitPal */;
			targetProxy = 099BA3DB2CC9D22800DF864E /* PBXContainerItemProxy */;
		};
		099BA3E62CC9D22800DF864E /* PBXTargetDependency */ = {
			isa = PBXTargetDependency;
			target = 099BA3C92CC9D22600DF864E /* FitPal */;
			targetProxy = 099BA3E52CC9D22800DF864E /* PBXContainerItemProxy */;
		};
/* End PBXTargetDependency section */

/* Begin XCBuildConfiguration section */
		099BA3EC2CC9D22800DF864E /* Debug */ = {
			isa = XCBuildConfiguration;
			buildSettings = {
				ALWAYS_SEARCH_USER_PATHS = NO;
				ASSETCATALOG_COMPILER_GENERATE_SWIFT_ASSET_SYMBOL_EXTENSIONS = YES;
				CLANG_ANALYZER_NONNULL = YES;
				CLANG_ANALYZER_NUMBER_OBJECT_CONVERSION = YES_AGGRESSIVE;
				CLANG_CXX_LANGUAGE_STANDARD = "gnu++20";
				CLANG_ENABLE_MODULES = YES;
				CLANG_ENABLE_OBJC_ARC = YES;
				CLANG_ENABLE_OBJC_WEAK = YES;
				CLANG_WARN_BLOCK_CAPTURE_AUTORELEASING = YES;
				CLANG_WARN_BOOL_CONVERSION = YES;
				CLANG_WARN_COMMA = YES;
				CLANG_WARN_CONSTANT_CONVERSION = YES;
				CLANG_WARN_DEPRECATED_OBJC_IMPLEMENTATIONS = YES;
				CLANG_WARN_DIRECT_OBJC_ISA_USAGE = YES_ERROR;
				CLANG_WARN_DOCUMENTATION_COMMENTS = YES;
				CLANG_WARN_EMPTY_BODY = YES;
				CLANG_WARN_ENUM_CONVERSION = YES;
				CLANG_WARN_INFINITE_RECURSION = YES;
				CLANG_WARN_INT_CONVERSION = YES;
				CLANG_WARN_NON_LITERAL_NULL_CONVERSION = YES;
				CLANG_WARN_OBJC_IMPLICIT_RETAIN_SELF = YES;
				CLANG_WARN_OBJC_LITERAL_CONVERSION = YES;
				CLANG_WARN_OBJC_ROOT_CLASS = YES_ERROR;
				CLANG_WARN_QUOTED_INCLUDE_IN_FRAMEWORK_HEADER = YES;
				CLANG_WARN_RANGE_LOOP_ANALYSIS = YES;
				CLANG_WARN_STRICT_PROTOTYPES = YES;
				CLANG_WARN_SUSPICIOUS_MOVE = YES;
				CLANG_WARN_UNGUARDED_AVAILABILITY = YES_AGGRESSIVE;
				CLANG_WARN_UNREACHABLE_CODE = YES;
				CLANG_WARN__DUPLICATE_METHOD_MATCH = YES;
				COPY_PHASE_STRIP = NO;
				DEBUG_INFORMATION_FORMAT = dwarf;
				ENABLE_STRICT_OBJC_MSGSEND = YES;
				ENABLE_TESTABILITY = YES;
				ENABLE_USER_SCRIPT_SANDBOXING = YES;
				GCC_C_LANGUAGE_STANDARD = gnu17;
				GCC_DYNAMIC_NO_PIC = NO;
				GCC_NO_COMMON_BLOCKS = YES;
				GCC_OPTIMIZATION_LEVEL = 0;
				GCC_PREPROCESSOR_DEFINITIONS = (
					"DEBUG=1",
					"$(inherited)",
				);
				GCC_WARN_64_TO_32_BIT_CONVERSION = YES;
				GCC_WARN_ABOUT_RETURN_TYPE = YES_ERROR;
				GCC_WARN_UNDECLARED_SELECTOR = YES;
				GCC_WARN_UNINITIALIZED_AUTOS = YES_AGGRESSIVE;
				GCC_WARN_UNUSED_FUNCTION = YES;
				GCC_WARN_UNUSED_VARIABLE = YES;
				IPHONEOS_DEPLOYMENT_TARGET = 18.0;
				LOCALIZATION_PREFERS_STRING_CATALOGS = YES;
				MTL_ENABLE_DEBUG_INFO = INCLUDE_SOURCE;
				MTL_FAST_MATH = YES;
				ONLY_ACTIVE_ARCH = YES;
				SDKROOT = iphoneos;
				SWIFT_ACTIVE_COMPILATION_CONDITIONS = "DEBUG $(inherited)";
				SWIFT_OPTIMIZATION_LEVEL = "-Onone";
			};
			name = Debug;
		};
		099BA3ED2CC9D22800DF864E /* Release */ = {
			isa = XCBuildConfiguration;
			buildSettings = {
				ALWAYS_SEARCH_USER_PATHS = NO;
				ASSETCATALOG_COMPILER_GENERATE_SWIFT_ASSET_SYMBOL_EXTENSIONS = YES;
				CLANG_ANALYZER_NONNULL = YES;
				CLANG_ANALYZER_NUMBER_OBJECT_CONVERSION = YES_AGGRESSIVE;
				CLANG_CXX_LANGUAGE_STANDARD = "gnu++20";
				CLANG_ENABLE_MODULES = YES;
				CLANG_ENABLE_OBJC_ARC = YES;
				CLANG_ENABLE_OBJC_WEAK = YES;
				CLANG_WARN_BLOCK_CAPTURE_AUTORELEASING = YES;
				CLANG_WARN_BOOL_CONVERSION = YES;
				CLANG_WARN_COMMA = YES;
				CLANG_WARN_CONSTANT_CONVERSION = YES;
				CLANG_WARN_DEPRECATED_OBJC_IMPLEMENTATIONS = YES;
				CLANG_WARN_DIRECT_OBJC_ISA_USAGE = YES_ERROR;
				CLANG_WARN_DOCUMENTATION_COMMENTS = YES;
				CLANG_WARN_EMPTY_BODY = YES;
				CLANG_WARN_ENUM_CONVERSION = YES;
				CLANG_WARN_INFINITE_RECURSION = YES;
				CLANG_WARN_INT_CONVERSION = YES;
				CLANG_WARN_NON_LITERAL_NULL_CONVERSION = YES;
				CLANG_WARN_OBJC_IMPLICIT_RETAIN_SELF = YES;
				CLANG_WARN_OBJC_LITERAL_CONVERSION = YES;
				CLANG_WARN_OBJC_ROOT_CLASS = YES_ERROR;
				CLANG_WARN_QUOTED_INCLUDE_IN_FRAMEWORK_HEADER = YES;
				CLANG_WARN_RANGE_LOOP_ANALYSIS = YES;
				CLANG_WARN_STRICT_PROTOTYPES = YES;
				CLANG_WARN_SUSPICIOUS_MOVE = YES;
				CLANG_WARN_UNGUARDED_AVAILABILITY = YES_AGGRESSIVE;
				CLANG_WARN_UNREACHABLE_CODE = YES;
				CLANG_WARN__DUPLICATE_METHOD_MATCH = YES;
				COPY_PHASE_STRIP = NO;
				DEBUG_INFORMATION_FORMAT = "dwarf-with-dsym";
				ENABLE_NS_ASSERTIONS = NO;
				ENABLE_STRICT_OBJC_MSGSEND = YES;
				ENABLE_USER_SCRIPT_SANDBOXING = YES;
				GCC_C_LANGUAGE_STANDARD = gnu17;
				GCC_NO_COMMON_BLOCKS = YES;
				GCC_WARN_64_TO_32_BIT_CONVERSION = YES;
				GCC_WARN_ABOUT_RETURN_TYPE = YES_ERROR;
				GCC_WARN_UNDECLARED_SELECTOR = YES;
				GCC_WARN_UNINITIALIZED_AUTOS = YES_AGGRESSIVE;
				GCC_WARN_UNUSED_FUNCTION = YES;
				GCC_WARN_UNUSED_VARIABLE = YES;
				IPHONEOS_DEPLOYMENT_TARGET = 18.0;
				LOCALIZATION_PREFERS_STRING_CATALOGS = YES;
				MTL_ENABLE_DEBUG_INFO = NO;
				MTL_FAST_MATH = YES;
				SDKROOT = iphoneos;
				SWIFT_COMPILATION_MODE = wholemodule;
				VALIDATE_PRODUCT = YES;
			};
			name = Release;
		};
		099BA3EF2CC9D22800DF864E /* Debug */ = {
			isa = XCBuildConfiguration;
			buildSettings = {
				ASSETCATALOG_COMPILER_APPICON_NAME = AppIcon;
				ASSETCATALOG_COMPILER_GLOBAL_ACCENT_COLOR_NAME = AccentColor;
				CODE_SIGN_STYLE = Automatic;
				CURRENT_PROJECT_VERSION = 1;
				DEVELOPMENT_ASSET_PATHS = "\"FitPal/Preview Content\"";
				ENABLE_PREVIEWS = YES;
				GENERATE_INFOPLIST_FILE = YES;
				INFOPLIST_KEY_UIApplicationSceneManifest_Generation = YES;
				INFOPLIST_KEY_UIApplicationSupportsIndirectInputEvents = YES;
				INFOPLIST_KEY_UILaunchScreen_Generation = YES;
				INFOPLIST_KEY_UISupportedInterfaceOrientations_iPad = "UIInterfaceOrientationPortrait UIInterfaceOrientationPortraitUpsideDown UIInterfaceOrientationLandscapeLeft UIInterfaceOrientationLandscapeRight";
				INFOPLIST_KEY_UISupportedInterfaceOrientations_iPhone = "UIInterfaceOrientationPortrait UIInterfaceOrientationLandscapeLeft UIInterfaceOrientationLandscapeRight";
				LD_RUNPATH_SEARCH_PATHS = (
					"$(inherited)",
					"@executable_path/Frameworks",
				);
				MARKETING_VERSION = 1.0;
				PRODUCT_BUNDLE_IDENTIFIER = Lava.FitPal;
				PRODUCT_NAME = "$(TARGET_NAME)";
				SWIFT_EMIT_LOC_STRINGS = YES;
				SWIFT_VERSION = 5.0;
				TARGETED_DEVICE_FAMILY = "1,2";
			};
			name = Debug;
		};
		099BA3F02CC9D22800DF864E /* Release */ = {
			isa = XCBuildConfiguration;
			buildSettings = {
				ASSETCATALOG_COMPILER_APPICON_NAME = AppIcon;
				ASSETCATALOG_COMPILER_GLOBAL_ACCENT_COLOR_NAME = AccentColor;
				CODE_SIGN_STYLE = Automatic;
				CURRENT_PROJECT_VERSION = 1;
				DEVELOPMENT_ASSET_PATHS = "\"FitPal/Preview Content\"";
				ENABLE_PREVIEWS = YES;
				GENERATE_INFOPLIST_FILE = YES;
				INFOPLIST_KEY_UIApplicationSceneManifest_Generation = YES;
				INFOPLIST_KEY_UIApplicationSupportsIndirectInputEvents = YES;
				INFOPLIST_KEY_UILaunchScreen_Generation = YES;
				INFOPLIST_KEY_UISupportedInterfaceOrientations_iPad = "UIInterfaceOrientationPortrait UIInterfaceOrientationPortraitUpsideDown UIInterfaceOrientationLandscapeLeft UIInterfaceOrientationLandscapeRight";
				INFOPLIST_KEY_UISupportedInterfaceOrientations_iPhone = "UIInterfaceOrientationPortrait UIInterfaceOrientationLandscapeLeft UIInterfaceOrientationLandscapeRight";
				LD_RUNPATH_SEARCH_PATHS = (
					"$(inherited)",
					"@executable_path/Frameworks",
				);
				MARKETING_VERSION = 1.0;
				PRODUCT_BUNDLE_IDENTIFIER = Lava.FitPal;
				PRODUCT_NAME = "$(TARGET_NAME)";
				SWIFT_EMIT_LOC_STRINGS = YES;
				SWIFT_VERSION = 5.0;
				TARGETED_DEVICE_FAMILY = "1,2";
			};
			name = Release;
		};
		099BA3F22CC9D22800DF864E /* Debug */ = {
			isa = XCBuildConfiguration;
			buildSettings = {
				BUNDLE_LOADER = "$(TEST_HOST)";
				CODE_SIGN_STYLE = Automatic;
				CURRENT_PROJECT_VERSION = 1;
				GENERATE_INFOPLIST_FILE = YES;
				IPHONEOS_DEPLOYMENT_TARGET = 18.0;
				MARKETING_VERSION = 1.0;
				PRODUCT_BUNDLE_IDENTIFIER = Lava.FitPalTests;
				PRODUCT_NAME = "$(TARGET_NAME)";
				SWIFT_EMIT_LOC_STRINGS = NO;
				SWIFT_VERSION = 5.0;
				TARGETED_DEVICE_FAMILY = "1,2";
				TEST_HOST = "$(BUILT_PRODUCTS_DIR)/FitPal.app/$(BUNDLE_EXECUTABLE_FOLDER_PATH)/FitPal";
			};
			name = Debug;
		};
		099BA3F32CC9D22800DF864E /* Release */ = {
			isa = XCBuildConfiguration;
			buildSettings = {
				BUNDLE_LOADER = "$(TEST_HOST)";
				CODE_SIGN_STYLE = Automatic;
				CURRENT_PROJECT_VERSION = 1;
				GENERATE_INFOPLIST_FILE = YES;
				IPHONEOS_DEPLOYMENT_TARGET = 18.0;
				MARKETING_VERSION = 1.0;
				PRODUCT_BUNDLE_IDENTIFIER = Lava.FitPalTests;
				PRODUCT_NAME = "$(TARGET_NAME)";
				SWIFT_EMIT_LOC_STRINGS = NO;
				SWIFT_VERSION = 5.0;
				TARGETED_DEVICE_FAMILY = "1,2";
				TEST_HOST = "$(BUILT_PRODUCTS_DIR)/FitPal.app/$(BUNDLE_EXECUTABLE_FOLDER_PATH)/FitPal";
			};
			name = Release;
		};
		099BA3F52CC9D22800DF864E /* Debug */ = {
			isa = XCBuildConfiguration;
			buildSettings = {
				CODE_SIGN_STYLE = Automatic;
				CURRENT_PROJECT_VERSION = 1;
				GENERATE_INFOPLIST_FILE = YES;
				MARKETING_VERSION = 1.0;
				PRODUCT_BUNDLE_IDENTIFIER = Lava.FitPalUITests;
				PRODUCT_NAME = "$(TARGET_NAME)";
				SWIFT_EMIT_LOC_STRINGS = NO;
				SWIFT_VERSION = 5.0;
				TARGETED_DEVICE_FAMILY = "1,2";
				TEST_TARGET_NAME = FitPal;
			};
			name = Debug;
		};
		099BA3F62CC9D22800DF864E /* Release */ = {
			isa = XCBuildConfiguration;
			buildSettings = {
				CODE_SIGN_STYLE = Automatic;
				CURRENT_PROJECT_VERSION = 1;
				GENERATE_INFOPLIST_FILE = YES;
				MARKETING_VERSION = 1.0;
				PRODUCT_BUNDLE_IDENTIFIER = Lava.FitPalUITests;
				PRODUCT_NAME = "$(TARGET_NAME)";
				SWIFT_EMIT_LOC_STRINGS = NO;
				SWIFT_VERSION = 5.0;
				TARGETED_DEVICE_FAMILY = "1,2";
				TEST_TARGET_NAME = FitPal;
			};
			name = Release;
		};
/* End XCBuildConfiguration section */

/* Begin XCConfigurationList section */
		099BA3C52CC9D22600DF864E /* Build configuration list for PBXProject "FitPal" */ = {
			isa = XCConfigurationList;
			buildConfigurations = (
				099BA3EC2CC9D22800DF864E /* Debug */,
				099BA3ED2CC9D22800DF864E /* Release */,
			);
			defaultConfigurationIsVisible = 0;
			defaultConfigurationName = Release;
		};
		099BA3EE2CC9D22800DF864E /* Build configuration list for PBXNativeTarget "FitPal" */ = {
			isa = XCConfigurationList;
			buildConfigurations = (
				099BA3EF2CC9D22800DF864E /* Debug */,
				099BA3F02CC9D22800DF864E /* Release */,
			);
			defaultConfigurationIsVisible = 0;
			defaultConfigurationName = Release;
		};
		099BA3F12CC9D22800DF864E /* Build configuration list for PBXNativeTarget "FitPalTests" */ = {
			isa = XCConfigurationList;
			buildConfigurations = (
				099BA3F22CC9D22800DF864E /* Debug */,
				099BA3F32CC9D22800DF864E /* Release */,
			);
			defaultConfigurationIsVisible = 0;
			defaultConfigurationName = Release;
		};
		099BA3F42CC9D22800DF864E /* Build configuration list for PBXNativeTarget "FitPalUITests" */ = {
			isa = XCConfigurationList;
			buildConfigurations = (
				099BA3F52CC9D22800DF864E /* Debug */,
				099BA3F62CC9D22800DF864E /* Release */,
			);
			defaultConfigurationIsVisible = 0;
			defaultConfigurationName = Release;
		};
/* End XCConfigurationList section */

/* Begin XCRemoteSwiftPackageReference section */
		095A92972CEFD072000BFD1A /* XCRemoteSwiftPackageReference "firebase-ios-sdk" */ = {
			isa = XCRemoteSwiftPackageReference;
			repositoryURL = "https://github.com/firebase/firebase-ios-sdk";
			requirement = {
				kind = upToNextMajorVersion;
				minimumVersion = 11.5.0;
			};
		};
/* End XCRemoteSwiftPackageReference section */

/* Begin XCSwiftPackageProductDependency section */
		095A92992CEFDCA0000BFD1A /* FirebaseAnalytics */ = {
			isa = XCSwiftPackageProductDependency;
			package = 095A92972CEFD072000BFD1A /* XCRemoteSwiftPackageReference "firebase-ios-sdk" */;
			productName = FirebaseAnalytics;
		};
		095A929B2CEFDCA0000BFD1A /* FirebaseAuth */ = {
			isa = XCSwiftPackageProductDependency;
			package = 095A92972CEFD072000BFD1A /* XCRemoteSwiftPackageReference "firebase-ios-sdk" */;
			productName = FirebaseAuth;
		};
		095A929D2CEFDCA0000BFD1A /* FirebaseCore */ = {
			isa = XCSwiftPackageProductDependency;
			package = 095A92972CEFD072000BFD1A /* XCRemoteSwiftPackageReference "firebase-ios-sdk" */;
			productName = FirebaseCore;
		};
/* End XCSwiftPackageProductDependency section */
	};
	rootObject = 099BA3C22CC9D22600DF864E /* Project object */;
}
